
Microsoft Visual Studio Solution File, Format Version 12.00
# Visual Studio 15
VisualStudioVersion = 15.0.28307.421
MinimumVisualStudioVersion = 10.0.40219.1
Project("{FAE04EC0-301F-11D3-BF4B-00C04F79EFBC}") = "Calculo IMC", "Calculo IMC\Calculo IMC.csproj", "{6A5DDCBC-D297-4C27-B607-3D2388270711}"
EndProject
Global
	GlobalSection(SolutionConfigurationPlatforms) = preSolution
		Debug|Any CPU = Debug|Any CPU
		Release|Any CPU = Release|Any CPU
	EndGlobalSection
	GlobalSection(ProjectConfigurationPlatforms) = postSolution
		{6A5DDCBC-D297-4C27-B607-3D2388270711}.Debug|Any CPU.ActiveCfg = Debug|Any CPU
		{6A5DDCBC-D297-4C27-B607-3D2388270711}.Debug|Any CPU.Build.0 = Debug|Any CPU
		{6A5DDCBC-D297-4C27-B607-3D2388270711}.Release|Any CPU.ActiveCfg = Release|Any CPU
		{6A5DDCBC-D297-4C27-B607-3D2388270711}.Release|Any CPU.Build.0 = Release|Any CPU
	EndGlobalSection
	GlobalSection(SolutionProperties) = preSolution
		HideSolutionNode = FALSE
	EndGlobalSection
	GlobalSection(ExtensibilityGlobals) = postSolution
		SolutionGuid = {6C2D28F8-D86F-480C-BF4E-6B8B41E3E349}
	EndGlobalSection
EndGlobal
